// !$*UTF8*$!
{
	archiveVersion = 1;
	classes = {
	};
	objectVersion = 46;
	objects = {

/* Begin PBXBuildFile section */
		4209D5531B5D32EC00DD3B37 /* AppDelegate.swift in Sources */ = {isa = PBXBuildFile; fileRef = 4209D5521B5D32EC00DD3B37 /* AppDelegate.swift */; };
		4209D5561B5D32EC00DD3B37 /* AlecrimExperiment.xcdatamodeld in Sources */ = {isa = PBXBuildFile; fileRef = 4209D5541B5D32EC00DD3B37 /* AlecrimExperiment.xcdatamodeld */; };
		4209D5581B5D32EC00DD3B37 /* AcountsViewController.swift in Sources */ = {isa = PBXBuildFile; fileRef = 4209D5571B5D32EC00DD3B37 /* AcountsViewController.swift */; };
		4209D55B1B5D32EC00DD3B37 /* Main.storyboard in Resources */ = {isa = PBXBuildFile; fileRef = 4209D5591B5D32EC00DD3B37 /* Main.storyboard */; };
		4209D55D1B5D32EC00DD3B37 /* Images.xcassets in Resources */ = {isa = PBXBuildFile; fileRef = 4209D55C1B5D32EC00DD3B37 /* Images.xcassets */; };
		4209D5601B5D32EC00DD3B37 /* LaunchScreen.xib in Resources */ = {isa = PBXBuildFile; fileRef = 4209D55E1B5D32EC00DD3B37 /* LaunchScreen.xib */; };
		4209D56C1B5D32EC00DD3B37 /* AlecrimExperimentTests.swift in Sources */ = {isa = PBXBuildFile; fileRef = 4209D56B1B5D32EC00DD3B37 /* AlecrimExperimentTests.swift */; };
		4209D5761B5D377800DD3B37 /* DataContext.swift in Sources */ = {isa = PBXBuildFile; fileRef = 4209D5751B5D377800DD3B37 /* DataContext.swift */; };
		4209D5791B5D3B7500DD3B37 /* Account.swift in Sources */ = {isa = PBXBuildFile; fileRef = 4209D5781B5D3B7500DD3B37 /* Account.swift */; };
		75B25C7FC528BB5F171E2428 /* Pods.framework in Frameworks */ = {isa = PBXBuildFile; fileRef = 598C75A307F8C189ED0A4484 /* Pods.framework */; settings = {ATTRIBUTES = (Weak, ); }; };
/* End PBXBuildFile section */

/* Begin PBXContainerItemProxy section */
		4209D5661B5D32EC00DD3B37 /* PBXContainerItemProxy */ = {
			isa = PBXContainerItemProxy;
			containerPortal = 4209D5451B5D32EC00DD3B37 /* Project object */;
			proxyType = 1;
			remoteGlobalIDString = 4209D54C1B5D32EC00DD3B37;
			remoteInfo = AlecrimExperiment;
		};
/* End PBXContainerItemProxy section */

/* Begin PBXFileReference section */
		3434A1AEA7C41E7A8279CB9A /* Pods.release.xcconfig */ = {isa = PBXFileReference; includeInIndex = 1; lastKnownFileType = text.xcconfig; name = Pods.release.xcconfig; path = "Pods/Target Support Files/Pods/Pods.release.xcconfig"; sourceTree = "<group>"; };
		4209D54D1B5D32EC00DD3B37 /* AlecrimExperiment.app */ = {isa = PBXFileReference; explicitFileType = wrapper.application; includeInIndex = 0; path = AlecrimExperiment.app; sourceTree = BUILT_PRODUCTS_DIR; };
		4209D5511B5D32EC00DD3B37 /* Info.plist */ = {isa = PBXFileReference; lastKnownFileType = text.plist.xml; path = Info.plist; sourceTree = "<group>"; };
		4209D5521B5D32EC00DD3B37 /* AppDelegate.swift */ = {isa = PBXFileReference; lastKnownFileType = sourcecode.swift; path = AppDelegate.swift; sourceTree = "<group>"; };
		4209D5551B5D32EC00DD3B37 /* AlecrimExperiment.xcdatamodel */ = {isa = PBXFileReference; lastKnownFileType = wrapper.xcdatamodel; path = AlecrimExperiment.xcdatamodel; sourceTree = "<group>"; };
		4209D5571B5D32EC00DD3B37 /* AcountsViewController.swift */ = {isa = PBXFileReference; lastKnownFileType = sourcecode.swift; path = AcountsViewController.swift; sourceTree = "<group>"; };
		4209D55A1B5D32EC00DD3B37 /* Base */ = {isa = PBXFileReference; lastKnownFileType = file.storyboard; name = Base; path = Base.lproj/Main.storyboard; sourceTree = "<group>"; };
		4209D55C1B5D32EC00DD3B37 /* Images.xcassets */ = {isa = PBXFileReference; lastKnownFileType = folder.assetcatalog; path = Images.xcassets; sourceTree = "<group>"; };
		4209D55F1B5D32EC00DD3B37 /* Base */ = {isa = PBXFileReference; lastKnownFileType = file.xib; name = Base; path = Base.lproj/LaunchScreen.xib; sourceTree = "<group>"; };
		4209D5651B5D32EC00DD3B37 /* AlecrimExperimentTests.xctest */ = {isa = PBXFileReference; explicitFileType = wrapper.cfbundle; includeInIndex = 0; path = AlecrimExperimentTests.xctest; sourceTree = BUILT_PRODUCTS_DIR; };
		4209D56A1B5D32EC00DD3B37 /* Info.plist */ = {isa = PBXFileReference; lastKnownFileType = text.plist.xml; path = Info.plist; sourceTree = "<group>"; };
		4209D56B1B5D32EC00DD3B37 /* AlecrimExperimentTests.swift */ = {isa = PBXFileReference; lastKnownFileType = sourcecode.swift; path = AlecrimExperimentTests.swift; sourceTree = "<group>"; };
		4209D5751B5D377800DD3B37 /* DataContext.swift */ = {isa = PBXFileReference; fileEncoding = 4; lastKnownFileType = sourcecode.swift; name = DataContext.swift; path = ../DataContext.swift; sourceTree = "<group>"; };
		4209D5781B5D3B7500DD3B37 /* Account.swift */ = {isa = PBXFileReference; fileEncoding = 4; lastKnownFileType = sourcecode.swift; path = Account.swift; sourceTree = "<group>"; };
		598C75A307F8C189ED0A4484 /* Pods.framework */ = {isa = PBXFileReference; explicitFileType = wrapper.framework; includeInIndex = 0; path = Pods.framework; sourceTree = BUILT_PRODUCTS_DIR; };
		B527505867C54381BC828686 /* Pods.debug.xcconfig */ = {isa = PBXFileReference; includeInIndex = 1; lastKnownFileType = text.xcconfig; name = Pods.debug.xcconfig; path = "Pods/Target Support Files/Pods/Pods.debug.xcconfig"; sourceTree = "<group>"; };
/* End PBXFileReference section */

/* Begin PBXFrameworksBuildPhase section */
		4209D54A1B5D32EC00DD3B37 /* Frameworks */ = {
			isa = PBXFrameworksBuildPhase;
			buildActionMask = 2147483647;
			files = (
				75B25C7FC528BB5F171E2428 /* Pods.framework in Frameworks */,
			);
			runOnlyForDeploymentPostprocessing = 0;
		};
		4209D5621B5D32EC00DD3B37 /* Frameworks */ = {
			isa = PBXFrameworksBuildPhase;
			buildActionMask = 2147483647;
			files = (
			);
			runOnlyForDeploymentPostprocessing = 0;
		};
/* End PBXFrameworksBuildPhase section */

/* Begin PBXGroup section */
		4209D5441B5D32EC00DD3B37 = {
			isa = PBXGroup;
			children = (
				4209D54F1B5D32EC00DD3B37 /* AlecrimExperiment */,
				4209D5681B5D32EC00DD3B37 /* AlecrimExperimentTests */,
				4209D54E1B5D32EC00DD3B37 /* Products */,
				EE722D9D422A988A811ED4AC /* Pods */,
				BB907540E974B495C20E2741 /* Frameworks */,
			);
			sourceTree = "<group>";
		};
		4209D54E1B5D32EC00DD3B37 /* Products */ = {
			isa = PBXGroup;
			children = (
				4209D54D1B5D32EC00DD3B37 /* AlecrimExperiment.app */,
				4209D5651B5D32EC00DD3B37 /* AlecrimExperimentTests.xctest */,
			);
			name = Products;
			sourceTree = "<group>";
		};
		4209D54F1B5D32EC00DD3B37 /* AlecrimExperiment */ = {
			isa = PBXGroup;
			children = (
				4209D5771B5D3B1900DD3B37 /* Model */,
				4209D5521B5D32EC00DD3B37 /* AppDelegate.swift */,
				4209D5571B5D32EC00DD3B37 /* AcountsViewController.swift */,
				4209D5591B5D32EC00DD3B37 /* Main.storyboard */,
				4209D55C1B5D32EC00DD3B37 /* Images.xcassets */,
				4209D55E1B5D32EC00DD3B37 /* LaunchScreen.xib */,
				4209D5501B5D32EC00DD3B37 /* Supporting Files */,
			);
			path = AlecrimExperiment;
			sourceTree = "<group>";
		};
		4209D5501B5D32EC00DD3B37 /* Supporting Files */ = {
			isa = PBXGroup;
			children = (
				4209D5511B5D32EC00DD3B37 /* Info.plist */,
			);
			name = "Supporting Files";
			sourceTree = "<group>";
		};
		4209D5681B5D32EC00DD3B37 /* AlecrimExperimentTests */ = {
			isa = PBXGroup;
			children = (
				4209D56B1B5D32EC00DD3B37 /* AlecrimExperimentTests.swift */,
				4209D5691B5D32EC00DD3B37 /* Supporting Files */,
			);
			path = AlecrimExperimentTests;
			sourceTree = "<group>";
		};
		4209D5691B5D32EC00DD3B37 /* Supporting Files */ = {
			isa = PBXGroup;
			children = (
				4209D56A1B5D32EC00DD3B37 /* Info.plist */,
			);
			name = "Supporting Files";
			sourceTree = "<group>";
		};
		4209D5771B5D3B1900DD3B37 /* Model */ = {
			isa = PBXGroup;
			children = (
				4209D5541B5D32EC00DD3B37 /* AlecrimExperiment.xcdatamodeld */,
				4209D5751B5D377800DD3B37 /* DataContext.swift */,
				4209D5781B5D3B7500DD3B37 /* Account.swift */,
			);
			path = Model;
			sourceTree = "<group>";
		};
		BB907540E974B495C20E2741 /* Frameworks */ = {
			isa = PBXGroup;
			children = (
				598C75A307F8C189ED0A4484 /* Pods.framework */,
			);
			name = Frameworks;
			sourceTree = "<group>";
		};
		EE722D9D422A988A811ED4AC /* Pods */ = {
			isa = PBXGroup;
			children = (
				B527505867C54381BC828686 /* Pods.debug.xcconfig */,
				3434A1AEA7C41E7A8279CB9A /* Pods.release.xcconfig */,
			);
			name = Pods;
			sourceTree = "<group>";
		};
/* End PBXGroup section */

/* Begin PBXNativeTarget section */
		4209D54C1B5D32EC00DD3B37 /* AlecrimExperiment */ = {
			isa = PBXNativeTarget;
			buildConfigurationList = 4209D56F1B5D32EC00DD3B37 /* Build configuration list for PBXNativeTarget "AlecrimExperiment" */;
			buildPhases = (
				21E0DA1575B6BB8F2FFF260F /* Check Pods Manifest.lock */,
				4209D5491B5D32EC00DD3B37 /* Sources */,
				4209D54A1B5D32EC00DD3B37 /* Frameworks */,
				4209D54B1B5D32EC00DD3B37 /* Resources */,
				F9479333AAE614C2EDD6801A /* Embed Pods Frameworks */,
				563EC91FA1DEB0175F5B33BE /* Copy Pods Resources */,
			);
			buildRules = (
			);
			dependencies = (
			);
			name = AlecrimExperiment;
			productName = AlecrimExperiment;
			productReference = 4209D54D1B5D32EC00DD3B37 /* AlecrimExperiment.app */;
			productType = "com.apple.product-type.application";
		};
		4209D5641B5D32EC00DD3B37 /* AlecrimExperimentTests */ = {
			isa = PBXNativeTarget;
			buildConfigurationList = 4209D5721B5D32EC00DD3B37 /* Build configuration list for PBXNativeTarget "AlecrimExperimentTests" */;
			buildPhases = (
				4209D5611B5D32EC00DD3B37 /* Sources */,
				4209D5621B5D32EC00DD3B37 /* Frameworks */,
				4209D5631B5D32EC00DD3B37 /* Resources */,
			);
			buildRules = (
			);
			dependencies = (
				4209D5671B5D32EC00DD3B37 /* PBXTargetDependency */,
			);
			name = AlecrimExperimentTests;
			productName = AlecrimExperimentTests;
			productReference = 4209D5651B5D32EC00DD3B37 /* AlecrimExperimentTests.xctest */;
			productType = "com.apple.product-type.bundle.unit-test";
		};
/* End PBXNativeTarget section */

/* Begin PBXProject section */
		4209D5451B5D32EC00DD3B37 /* Project object */ = {
			isa = PBXProject;
			attributes = {
				LastUpgradeCheck = 0630;
				ORGANIZATIONNAME = skyylex;
				TargetAttributes = {
					4209D54C1B5D32EC00DD3B37 = {
						CreatedOnToolsVersion = 6.3.2;
					};
					4209D5641B5D32EC00DD3B37 = {
						CreatedOnToolsVersion = 6.3.2;
						TestTargetID = 4209D54C1B5D32EC00DD3B37;
					};
				};
			};
			buildConfigurationList = 4209D5481B5D32EC00DD3B37 /* Build configuration list for PBXProject "AlecrimExperiment" */;
			compatibilityVersion = "Xcode 3.2";
			developmentRegion = English;
			hasScannedForEncodings = 0;
			knownRegions = (
				en,
				Base,
			);
			mainGroup = 4209D5441B5D32EC00DD3B37;
			productRefGroup = 4209D54E1B5D32EC00DD3B37 /* Products */;
			projectDirPath = "";
			projectRoot = "";
			targets = (
				4209D54C1B5D32EC00DD3B37 /* AlecrimExperiment */,
				4209D5641B5D32EC00DD3B37 /* AlecrimExperimentTests */,
			);
		};
/* End PBXProject section */

/* Begin PBXResourcesBuildPhase section */
		4209D54B1B5D32EC00DD3B37 /* Resources */ = {
			isa = PBXResourcesBuildPhase;
			buildActionMask = 2147483647;
			files = (
				4209D55B1B5D32EC00DD3B37 /* Main.storyboard in Resources */,
				4209D5601B5D32EC00DD3B37 /* LaunchScreen.xib in Resources */,
				4209D55D1B5D32EC00DD3B37 /* Images.xcassets in Resources */,
			);
			runOnlyForDeploymentPostprocessing = 0;
		};
		4209D5631B5D32EC00DD3B37 /* Resources */ = {
			isa = PBXResourcesBuildPhase;
			buildActionMask = 2147483647;
			files = (
			);
			runOnlyForDeploymentPostprocessing = 0;
		};
/* End PBXResourcesBuildPhase section */

/* Begin PBXShellScriptBuildPhase section */
		21E0DA1575B6BB8F2FFF260F /* Check Pods Manifest.lock */ = {
			isa = PBXShellScriptBuildPhase;
			buildActionMask = 2147483647;
			files = (
			);
			inputPaths = (
			);
			name = "Check Pods Manifest.lock";
			outputPaths = (
			);
			runOnlyForDeploymentPostprocessing = 0;
			shellPath = /bin/sh;
			shellScript = "diff \"${PODS_ROOT}/../Podfile.lock\" \"${PODS_ROOT}/Manifest.lock\" > /dev/null\nif [[ $? != 0 ]] ; then\n    cat << EOM\nerror: The sandbox is not in sync with the Podfile.lock. Run 'pod install' or update your CocoaPods installation.\nEOM\n    exit 1\nfi\n";
			showEnvVarsInLog = 0;
		};
		563EC91FA1DEB0175F5B33BE /* Copy Pods Resources */ = {
			isa = PBXShellScriptBuildPhase;
			buildActionMask = 2147483647;
			files = (
			);
			inputPaths = (
			);
			name = "Copy Pods Resources";
			outputPaths = (
			);
			runOnlyForDeploymentPostprocessing = 0;
			shellPath = /bin/sh;
			shellScript = "\"${SRCROOT}/Pods/Target Support Files/Pods/Pods-resources.sh\"\n";
			showEnvVarsInLog = 0;
		};
		F9479333AAE614C2EDD6801A /* Embed Pods Frameworks */ = {
			isa = PBXShellScriptBuildPhase;
			buildActionMask = 2147483647;
			files = (
			);
			inputPaths = (
			);
			name = "Embed Pods Frameworks";
			outputPaths = (
			);
			runOnlyForDeploymentPostprocessing = 0;
			shellPath = /bin/sh;
			shellScript = "\"${SRCROOT}/Pods/Target Support Files/Pods/Pods-frameworks.sh\"\n";
			showEnvVarsInLog = 0;
		};
/* End PBXShellScriptBuildPhase section */

/* Begin PBXSourcesBuildPhase section */
		4209D5491B5D32EC00DD3B37 /* Sources */ = {
			isa = PBXSourcesBuildPhase;
			buildActionMask = 2147483647;
			files = (
				4209D5791B5D3B7500DD3B37 /* Account.swift in Sources */,
				4209D5581B5D32EC00DD3B37 /* AcountsViewController.swift in Sources */,
				4209D5561B5D32EC00DD3B37 /* AlecrimExperiment.xcdatamodeld in Sources */,
				4209D5761B5D377800DD3B37 /* DataContext.swift in Sources */,
				4209D5531B5D32EC00DD3B37 /* AppDelegate.swift in Sources */,
			);
			runOnlyForDeploymentPostprocessing = 0;
		};
		4209D5611B5D32EC00DD3B37 /* Sources */ = {
			isa = PBXSourcesBuildPhase;
			buildActionMask = 2147483647;
			files = (
				4209D56C1B5D32EC00DD3B37 /* AlecrimExperimentTests.swift in Sources */,
			);
			runOnlyForDeploymentPostprocessing = 0;
		};
/* End PBXSourcesBuildPhase section */

/* Begin PBXTargetDependency section */
		4209D5671B5D32EC00DD3B37 /* PBXTargetDependency */ = {
			isa = PBXTargetDependency;
			target = 4209D54C1B5D32EC00DD3B37 /* AlecrimExperiment */;
			targetProxy = 4209D5661B5D32EC00DD3B37 /* PBXContainerItemProxy */;
		};
/* End PBXTargetDependency section */

/* Begin PBXVariantGroup section */
		4209D5591B5D32EC00DD3B37 /* Main.storyboard */ = {
			isa = PBXVariantGroup;
			children = (
				4209D55A1B5D32EC00DD3B37 /* Base */,
			);
			name = Main.storyboard;
			sourceTree = "<group>";
		};
		4209D55E1B5D32EC00DD3B37 /* LaunchScreen.xib */ = {
			isa = PBXVariantGroup;
			children = (
				4209D55F1B5D32EC00DD3B37 /* Base */,
			);
			name = LaunchScreen.xib;
			sourceTree = "<group>";
		};
/* End PBXVariantGroup section */

/* Begin XCBuildConfiguration section */
		4209D56D1B5D32EC00DD3B37 /* Debug */ = {
			isa = XCBuildConfiguration;
			buildSettings = {
				ALWAYS_SEARCH_USER_PATHS = NO;
				CLANG_CXX_LANGUAGE_STANDARD = "gnu++0x";
				CLANG_CXX_LIBRARY = "libc++";
				CLANG_ENABLE_MODULES = YES;
				CLANG_ENABLE_OBJC_ARC = YES;
				CLANG_WARN_BOOL_CONVERSION = YES;
				CLANG_WARN_CONSTANT_CONVERSION = YES;
				CLANG_WARN_DIRECT_OBJC_ISA_USAGE = YES_ERROR;
				CLANG_WARN_EMPTY_BODY = YES;
				CLANG_WARN_ENUM_CONVERSION = YES;
				CLANG_WARN_INT_CONVERSION = YES;
				CLANG_WARN_OBJC_ROOT_CLASS = YES_ERROR;
				CLANG_WARN_UNREACHABLE_CODE = YES;
				CLANG_WARN__DUPLICATE_METHOD_MATCH = YES;
				"CODE_SIGN_IDENTITY[sdk=iphoneos*]" = "iPhone Developer";
				COPY_PHASE_STRIP = NO;
				DEBUG_INFORMATION_FORMAT = "dwarf-with-dsym";
				ENABLE_STRICT_OBJC_MSGSEND = YES;
				GCC_C_LANGUAGE_STANDARD = gnu99;
				GCC_DYNAMIC_NO_PIC = NO;
				GCC_NO_COMMON_BLOCKS = YES;
				GCC_OPTIMIZATION_LEVEL = 0;
				GCC_PREPROCESSOR_DEFINITIONS = (
					"DEBUG=1",
					"$(inherited)",
				);
				GCC_SYMBOLS_PRIVATE_EXTERN = NO;
				GCC_WARN_64_TO_32_BIT_CONVERSION = YES;
				GCC_WARN_ABOUT_RETURN_TYPE = YES_ERROR;
				GCC_WARN_UNDECLARED_SELECTOR = YES;
				GCC_WARN_UNINITIALIZED_AUTOS = YES_AGGRESSIVE;
				GCC_WARN_UNUSED_FUNCTION = YES;
				GCC_WARN_UNUSED_VARIABLE = YES;
				IPHONEOS_DEPLOYMENT_TARGET = 8.3;
				MTL_ENABLE_DEBUG_INFO = YES;
				ONLY_ACTIVE_ARCH = YES;
				SDKROOT = iphoneos;
				SWIFT_OPTIMIZATION_LEVEL = "-Onone";
			};
			name = Debug;
		};
		4209D56E1B5D32EC00DD3B37 /* Release */ = {
			isa = XCBuildConfiguration;
			buildSettings = {
				ALWAYS_SEARCH_USER_PATHS = NO;
				CLANG_CXX_LANGUAGE_STANDARD = "gnu++0x";
				CLANG_CXX_LIBRARY = "libc++";
				CLANG_ENABLE_MODULES = YES;
				CLANG_ENABLE_OBJC_ARC = YES;
				CLANG_WARN_BOOL_CONVERSION = YES;
				CLANG_WARN_CONSTANT_CONVERSION = YES;
				CLANG_WARN_DIRECT_OBJC_ISA_USAGE = YES_ERROR;
				CLANG_WARN_EMPTY_BODY = YES;
				CLANG_WARN_ENUM_CONVERSION = YES;
				CLANG_WARN_INT_CONVERSION = YES;
				CLANG_WARN_OBJC_ROOT_CLASS = YES_ERROR;
				CLANG_WARN_UNREACHABLE_CODE = YES;
				CLANG_WARN__DUPLICATE_METHOD_MATCH = YES;
				"CODE_SIGN_IDENTITY[sdk=iphoneos*]" = "iPhone Developer";
				COPY_PHASE_STRIP = NO;
				DEBUG_INFORMATION_FORMAT = "dwarf-with-dsym";
				ENABLE_NS_ASSERTIONS = NO;
				ENABLE_STRICT_OBJC_MSGSEND = YES;
				GCC_C_LANGUAGE_STANDARD = gnu99;
				GCC_NO_COMMON_BLOCKS = YES;
				GCC_WARN_64_TO_32_BIT_CONVERSION = YES;
				GCC_WARN_ABOUT_RETURN_TYPE = YES_ERROR;
				GCC_WARN_UNDECLARED_SELECTOR = YES;
				GCC_WARN_UNINITIALIZED_AUTOS = YES_AGGRESSIVE;
				GCC_WARN_UNUSED_FUNCTION = YES;
				GCC_WARN_UNUSED_VARIABLE = YES;
				IPHONEOS_DEPLOYMENT_TARGET = 8.3;
				MTL_ENABLE_DEBUG_INFO = NO;
				SDKROOT = iphoneos;
				VALIDATE_PRODUCT = YES;
			};
			name = Release;
		};
		4209D5701B5D32EC00DD3B37 /* Debug */ = {
			isa = XCBuildConfiguration;
			baseConfigurationReference = B527505867C54381BC828686 /* Pods.debug.xcconfig */;
			buildSettings = {
				ASSETCATALOG_COMPILER_APPICON_NAME = AppIcon;
				INFOPLIST_FILE = AlecrimExperiment/Info.plist;
				LD_RUNPATH_SEARCH_PATHS = "$(inherited) @executable_path/Frameworks";
				PRODUCT_NAME = "$(TARGET_NAME)";
			};
			name = Debug;
		};
		4209D5711B5D32EC00DD3B37 /* Release */ = {
			isa = XCBuildConfiguration;
			baseConfigurationReference = 3434A1AEA7C41E7A8279CB9A /* Pods.release.xcconfig */;
			buildSettings = {
				ASSETCATALOG_COMPILER_APPICON_NAME = AppIcon;
				INFOPLIST_FILE = AlecrimExperiment/Info.plist;
				LD_RUNPATH_SEARCH_PATHS = "$(inherited) @executable_path/Frameworks";
				PRODUCT_NAME = "$(TARGET_NAME)";
			};
			name = Release;
		};
		4209D5731B5D32EC00DD3B37 /* Debug */ = {
			isa = XCBuildConfiguration;
			buildSettings = {
				BUNDLE_LOADER = "$(TEST_HOST)";
				FRAMEWORK_SEARCH_PATHS = (
					"$(SDKROOT)/Developer/Library/Frameworks",
					"$(inherited)",
				);
				GCC_PREPROCESSOR_DEFINITIONS = (
					"DEBUG=1",
					"$(inherited)",
				);
				INFOPLIST_FILE = AlecrimExperimentTests/Info.plist;
				LD_RUNPATH_SEARCH_PATHS = "$(inherited) @executable_path/Frameworks @loader_path/Frameworks";
				PRODUCT_NAME = "$(TARGET_NAME)";
				TEST_HOST = "$(BUILT_PRODUCTS_DIR)/AlecrimExperiment.app/AlecrimExperiment";
			};
			name = Debug;
		};
		4209D5741B5D32EC00DD3B37 /* Release */ = {
			isa = XCBuildConfiguration;
			buildSettings = {
				BUNDLE_LOADER = "$(TEST_HOST)";
				FRAMEWORK_SEARCH_PATHS = (
					"$(SDKROOT)/Developer/Library/Frameworks",
					"$(inherited)",
				);
				INFOPLIST_FILE = AlecrimExperimentTests/Info.plist;
				LD_RUNPATH_SEARCH_PATHS = "$(inherited) @executable_path/Frameworks @loader_path/Frameworks";
				PRODUCT_NAME = "$(TARGET_NAME)";
				TEST_HOST = "$(BUILT_PRODUCTS_DIR)/AlecrimExperiment.app/AlecrimExperiment";
			};
			name = Release;
		};
/* End XCBuildConfiguration section */

/* Begin XCConfigurationList section */
		4209D5481B5D32EC00DD3B37 /* Build configuration list for PBXProject "AlecrimExperiment" */ = {
			isa = XCConfigurationList;
			buildConfigurations = (
				4209D56D1B5D32EC00DD3B37 /* Debug */,
				4209D56E1B5D32EC00DD3B37 /* Release */,
			);
			defaultConfigurationIsVisible = 0;
			defaultConfigurationName = Release;
		};
		4209D56F1B5D32EC00DD3B37 /* Build configuration list for PBXNativeTarget "AlecrimExperiment" */ = {
			isa = XCConfigurationList;
			buildConfigurations = (
				4209D5701B5D32EC00DD3B37 /* Debug */,
				4209D5711B5D32EC00DD3B37 /* Release */,
			);
			defaultConfigurationIsVisible = 0;
			defaultConfigurationName = Release;
		};
		4209D5721B5D32EC00DD3B37 /* Build configuration list for PBXNativeTarget "AlecrimExperimentTests" */ = {
			isa = XCConfigurationList;
			buildConfigurations = (
				4209D5731B5D32EC00DD3B37 /* Debug */,
				4209D5741B5D32EC00DD3B37 /* Release */,
			);
			defaultConfigurationIsVisible = 0;
			defaultConfigurationName = Release;
		};
/* End XCConfigurationList section */

/* Begin XCVersionGroup section */
		4209D5541B5D32EC00DD3B37 /* AlecrimExperiment.xcdatamodeld */ = {
			isa = XCVersionGroup;
			children = (
				4209D5551B5D32EC00DD3B37 /* AlecrimExperiment.xcdatamodel */,
			);
			currentVersion = 4209D5551B5D32EC00DD3B37 /* AlecrimExperiment.xcdatamodel */;
			name = AlecrimExperiment.xcdatamodeld;
			path = ../AlecrimExperiment.xcdatamodeld;
			sourceTree = "<group>";
			versionGroupType = wrapper.xcdatamodel;
		};
/* End XCVersionGroup section */
	};
	rootObject = 4209D5451B5D32EC00DD3B37 /* Project object */;
}
